
Microsoft Visual Studio Solution File, Format Version 12.00
# Visual Studio Version 17
VisualStudioVersion = 17.6.33815.320
MinimumVisualStudioVersion = 10.0.40219.1
Project("{FAE04EC0-301F-11D3-BF4B-00C04F79EFBC}") = "CPS", "CPS.csproj", "{DC969A4A-D539-45FE-9C26-E60D18FB61C5}"
EndProject
Global
	GlobalSection(SolutionConfigurationPlatforms) = preSolution
		Debug|Any CPU = Debug|Any CPU
		Release|Any CPU = Release|Any CPU
	EndGlobalSection
	GlobalSection(ProjectConfigurationPlatforms) = postSolution
		{DC969A4A-D539-45FE-9C26-E60D18FB61C5}.Debug|Any CPU.ActiveCfg = Debug|Any CPU
		{DC969A4A-D539-45FE-9C26-E60D18FB61C5}.Debug|Any CPU.Build.0 = Debug|Any CPU
		{DC969A4A-D539-45FE-9C26-E60D18FB61C5}.Release|Any CPU.ActiveCfg = Release|Any CPU
		{DC969A4A-D539-45FE-9C26-E60D18FB61C5}.Release|Any CPU.Build.0 = Release|Any CPU
	EndGlobalSection
	GlobalSection(SolutionProperties) = preSolution
		HideSolutionNode = FALSE
	EndGlobalSection
	GlobalSection(ExtensibilityGlobals) = postSolution
		SolutionGuid = {1F7011BC-75CE-4F08-B978-74AD4B02DA0C}
	EndGlobalSection
EndGlobal
